// !$*UTF8*$!
{
	archiveVersion = 1;
	classes = {
	};
	objectVersion = 46;
	objects = {

/* Begin PBXBuildFile section */
		DE81ABAA1B35DF8300B86A23 /* AppDelegate.swift in Sources */ = {isa = PBXBuildFile; fileRef = DE81ABA91B35DF8300B86A23 /* AppDelegate.swift */; };
		DE81ABAC1B35DF8300B86A23 /* ViewController.swift in Sources */ = {isa = PBXBuildFile; fileRef = DE81ABAB1B35DF8300B86A23 /* ViewController.swift */; };
		DE81ABAF1B35DF8300B86A23 /* Main.storyboard in Resources */ = {isa = PBXBuildFile; fileRef = DE81ABAD1B35DF8300B86A23 /* Main.storyboard */; };
		DE81ABB11B35DF8300B86A23 /* Images.xcassets in Resources */ = {isa = PBXBuildFile; fileRef = DE81ABB01B35DF8300B86A23 /* Images.xcassets */; };
		DE81ABB41B35DF8300B86A23 /* LaunchScreen.xib in Resources */ = {isa = PBXBuildFile; fileRef = DE81ABB21B35DF8300B86A23 /* LaunchScreen.xib */; };
		DE81ABC01B35DF8300B86A23 /* TableViewTestTests.swift in Sources */ = {isa = PBXBuildFile; fileRef = DE81ABBF1B35DF8300B86A23 /* TableViewTestTests.swift */; };
/* End PBXBuildFile section */

/* Begin PBXContainerItemProxy section */
		DE81ABBA1B35DF8300B86A23 /* PBXContainerItemProxy */ = {
			isa = PBXContainerItemProxy;
			containerPortal = DE81AB9C1B35DF8300B86A23 /* Project object */;
			proxyType = 1;
			remoteGlobalIDString = DE81ABA31B35DF8300B86A23;
			remoteInfo = TableViewTest;
		};
/* End PBXContainerItemProxy section */

/* Begin PBXFileReference section */
		DE81ABA41B35DF8300B86A23 /* TableViewTest.app */ = {isa = PBXFileReference; explicitFileType = wrapper.application; includeInIndex = 0; path = TableViewTest.app; sourceTree = BUILT_PRODUCTS_DIR; };
		DE81ABA81B35DF8300B86A23 /* Info.plist */ = {isa = PBXFileReference; lastKnownFileType = text.plist.xml; path = Info.plist; sourceTree = "<group>"; };
		DE81ABA91B35DF8300B86A23 /* AppDelegate.swift */ = {isa = PBXFileReference; lastKnownFileType = sourcecode.swift; path = AppDelegate.swift; sourceTree = "<group>"; };
		DE81ABAB1B35DF8300B86A23 /* ViewController.swift */ = {isa = PBXFileReference; lastKnownFileType = sourcecode.swift; path = ViewController.swift; sourceTree = "<group>"; };
		DE81ABAE1B35DF8300B86A23 /* Base */ = {isa = PBXFileReference; lastKnownFileType = file.storyboard; name = Base; path = Base.lproj/Main.storyboard; sourceTree = "<group>"; };
		DE81ABB01B35DF8300B86A23 /* Images.xcassets */ = {isa = PBXFileReference; lastKnownFileType = folder.assetcatalog; path = Images.xcassets; sourceTree = "<group>"; };
		DE81ABB31B35DF8300B86A23 /* Base */ = {isa = PBXFileReference; lastKnownFileType = file.xib; name = Base; path = Base.lproj/LaunchScreen.xib; sourceTree = "<group>"; };
		DE81ABB91B35DF8300B86A23 /* TableViewTestTests.xctest */ = {isa = PBXFileReference; explicitFileType = wrapper.cfbundle; includeInIndex = 0; path = TableViewTestTests.xctest; sourceTree = BUILT_PRODUCTS_DIR; };
		DE81ABBE1B35DF8300B86A23 /* Info.plist */ = {isa = PBXFileReference; lastKnownFileType = text.plist.xml; path = Info.plist; sourceTree = "<group>"; };
		DE81ABBF1B35DF8300B86A23 /* TableViewTestTests.swift */ = {isa = PBXFileReference; lastKnownFileType = sourcecode.swift; path = TableViewTestTests.swift; sourceTree = "<group>"; };
/* End PBXFileReference section */

/* Begin PBXFrameworksBuildPhase section */
		DE81ABA11B35DF8300B86A23 /* Frameworks */ = {
			isa = PBXFrameworksBuildPhase;
			buildActionMask = 2147483647;
			files = (
			);
			runOnlyForDeploymentPostprocessing = 0;
		};
		DE81ABB61B35DF8300B86A23 /* Frameworks */ = {
			isa = PBXFrameworksBuildPhase;
			buildActionMask = 2147483647;
			files = (
			);
			runOnlyForDeploymentPostprocessing = 0;
		};
/* End PBXFrameworksBuildPhase section */

/* Begin PBXGroup section */
		DE81AB9B1B35DF8300B86A23 = {
			isa = PBXGroup;
			children = (
				DE81ABA61B35DF8300B86A23 /* TableViewTest */,
				DE81ABBC1B35DF8300B86A23 /* TableViewTestTests */,
				DE81ABA51B35DF8300B86A23 /* Products */,
			);
			sourceTree = "<group>";
		};
		DE81ABA51B35DF8300B86A23 /* Products */ = {
			isa = PBXGroup;
			children = (
				DE81ABA41B35DF8300B86A23 /* TableViewTest.app */,
				DE81ABB91B35DF8300B86A23 /* TableViewTestTests.xctest */,
			);
			name = Products;
			sourceTree = "<group>";
		};
		DE81ABA61B35DF8300B86A23 /* TableViewTest */ = {
			isa = PBXGroup;
			children = (
				DE81ABA91B35DF8300B86A23 /* AppDelegate.swift */,
				DE81ABAB1B35DF8300B86A23 /* ViewController.swift */,
				DE81ABAD1B35DF8300B86A23 /* Main.storyboard */,
				DE81ABB01B35DF8300B86A23 /* Images.xcassets */,
				DE81ABB21B35DF8300B86A23 /* LaunchScreen.xib */,
				DE81ABA71B35DF8300B86A23 /* Supporting Files */,
			);
			path = TableViewTest;
			sourceTree = "<group>";
		};
		DE81ABA71B35DF8300B86A23 /* Supporting Files */ = {
			isa = PBXGroup;
			children = (
				DE81ABA81B35DF8300B86A23 /* Info.plist */,
			);
			name = "Supporting Files";
			sourceTree = "<group>";
		};
		DE81ABBC1B35DF8300B86A23 /* TableViewTestTests */ = {
			isa = PBXGroup;
			children = (
				DE81ABBF1B35DF8300B86A23 /* TableViewTestTests.swift */,
				DE81ABBD1B35DF8300B86A23 /* Supporting Files */,
			);
			path = TableViewTestTests;
			sourceTree = "<group>";
		};
		DE81ABBD1B35DF8300B86A23 /* Supporting Files */ = {
			isa = PBXGroup;
			children = (
				DE81ABBE1B35DF8300B86A23 /* Info.plist */,
			);
			name = "Supporting Files";
			sourceTree = "<group>";
		};
/* End PBXGroup section */

/* Begin PBXNativeTarget section */
		DE81ABA31B35DF8300B86A23 /* TableViewTest */ = {
			isa = PBXNativeTarget;
			buildConfigurationList = DE81ABC31B35DF8300B86A23 /* Build configuration list for PBXNativeTarget "TableViewTest" */;
			buildPhases = (
				DE81ABA01B35DF8300B86A23 /* Sources */,
				DE81ABA11B35DF8300B86A23 /* Frameworks */,
				DE81ABA21B35DF8300B86A23 /* Resources */,
			);
			buildRules = (
			);
			dependencies = (
			);
			name = TableViewTest;
			productName = TableViewTest;
			productReference = DE81ABA41B35DF8300B86A23 /* TableViewTest.app */;
			productType = "com.apple.product-type.application";
		};
		DE81ABB81B35DF8300B86A23 /* TableViewTestTests */ = {
			isa = PBXNativeTarget;
			buildConfigurationList = DE81ABC61B35DF8300B86A23 /* Build configuration list for PBXNativeTarget "TableViewTestTests" */;
			buildPhases = (
				DE81ABB51B35DF8300B86A23 /* Sources */,
				DE81ABB61B35DF8300B86A23 /* Frameworks */,
				DE81ABB71B35DF8300B86A23 /* Resources */,
			);
			buildRules = (
			);
			dependencies = (
				DE81ABBB1B35DF8300B86A23 /* PBXTargetDependency */,
			);
			name = TableViewTestTests;
			productName = TableViewTestTests;
			productReference = DE81ABB91B35DF8300B86A23 /* TableViewTestTests.xctest */;
			productType = "com.apple.product-type.bundle.unit-test";
		};
/* End PBXNativeTarget section */

/* Begin PBXProject section */
		DE81AB9C1B35DF8300B86A23 /* Project object */ = {
			isa = PBXProject;
			attributes = {
				LastSwiftUpdateCheck = 0700;
				LastUpgradeCheck = 0700;
				ORGANIZATIONNAME = "Sanjay Rai";
				TargetAttributes = {
					DE81ABA31B35DF8300B86A23 = {
						CreatedOnToolsVersion = 6.3.2;
						DevelopmentTeam = XV74V89D2S;
						LastSwiftMigration = 0820;
					};
					DE81ABB81B35DF8300B86A23 = {
						CreatedOnToolsVersion = 6.3.2;
						LastSwiftMigration = 0820;
						TestTargetID = DE81ABA31B35DF8300B86A23;
					};
				};
			};
			buildConfigurationList = DE81AB9F1B35DF8300B86A23 /* Build configuration list for PBXProject "TableViewTest" */;
			compatibilityVersion = "Xcode 3.2";
			developmentRegion = English;
			hasScannedForEncodings = 0;
			knownRegions = (
				en,
				Base,
			);
			mainGroup = DE81AB9B1B35DF8300B86A23;
			productRefGroup = DE81ABA51B35DF8300B86A23 /* Products */;
			projectDirPath = "";
			projectRoot = "";
			targets = (
				DE81ABA31B35DF8300B86A23 /* TableViewTest */,
				DE81ABB81B35DF8300B86A23 /* TableViewTestTests */,
			);
		};
/* End PBXProject section */

/* Begin PBXResourcesBuildPhase section */
		DE81ABA21B35DF8300B86A23 /* Resources */ = {
			isa = PBXResourcesBuildPhase;
			buildActionMask = 2147483647;
			files = (
				DE81ABAF1B35DF8300B86A23 /* Main.storyboard in Resources */,
				DE81ABB41B35DF8300B86A23 /* LaunchScreen.xib in Resources */,
				DE81ABB11B35DF8300B86A23 /* Images.xcassets in Resources */,
			);
			runOnlyForDeploymentPostprocessing = 0;
		};
		DE81ABB71B35DF8300B86A23 /* Resources */ = {
			isa = PBXResourcesBuildPhase;
			buildActionMask = 2147483647;
			files = (
			);
			runOnlyForDeploymentPostprocessing = 0;
		};
/* End PBXResourcesBuildPhase section */

/* Begin PBXSourcesBuildPhase section */
		DE81ABA01B35DF8300B86A23 /* Sources */ = {
			isa = PBXSourcesBuildPhase;
			buildActionMask = 2147483647;
			files = (
				DE81ABAC1B35DF8300B86A23 /* ViewController.swift in Sources */,
				DE81ABAA1B35DF8300B86A23 /* AppDelegate.swift in Sources */,
			);
			runOnlyForDeploymentPostprocessing = 0;
		};
		DE81ABB51B35DF8300B86A23 /* Sources */ = {
			isa = PBXSourcesBuildPhase;
			buildActionMask = 2147483647;
			files = (
				DE81ABC01B35DF8300B86A23 /* TableViewTestTests.swift in Sources */,
			);
			runOnlyForDeploymentPostprocessing = 0;
		};
/* End PBXSourcesBuildPhase section */

/* Begin PBXTargetDependency section */
		DE81ABBB1B35DF8300B86A23 /* PBXTargetDependency */ = {
			isa = PBXTargetDependency;
			target = DE81ABA31B35DF8300B86A23 /* TableViewTest */;
			targetProxy = DE81ABBA1B35DF8300B86A23 /* PBXContainerItemProxy */;
		};
/* End PBXTargetDependency section */

/* Begin PBXVariantGroup section */
		DE81ABAD1B35DF8300B86A23 /* Main.storyboard */ = {
			isa = PBXVariantGroup;
			children = (
				DE81ABAE1B35DF8300B86A23 /* Base */,
			);
			name = Main.storyboard;
			sourceTree = "<group>";
		};
		DE81ABB21B35DF8300B86A23 /* LaunchScreen.xib */ = {
			isa = PBXVariantGroup;
			children = (
				DE81ABB31B35DF8300B86A23 /* Base */,
			);
			name = LaunchScreen.xib;
			sourceTree = "<group>";
		};
/* End PBXVariantGroup section */

/* Begin XCBuildConfiguration section */
		DE81ABC11B35DF8300B86A23 /* Debug */ = {
			isa = XCBuildConfiguration;
			buildSettings = {
				ALWAYS_SEARCH_USER_PATHS = NO;
				CLANG_CXX_LANGUAGE_STANDARD = "gnu++0x";
				CLANG_CXX_LIBRARY = "libc++";
				CLANG_ENABLE_MODULES = YES;
				CLANG_ENABLE_OBJC_ARC = YES;
				CLANG_WARN_BOOL_CONVERSION = YES;
				CLANG_WARN_CONSTANT_CONVERSION = YES;
				CLANG_WARN_DIRECT_OBJC_ISA_USAGE = YES_ERROR;
				CLANG_WARN_EMPTY_BODY = YES;
				CLANG_WARN_ENUM_CONVERSION = YES;
				CLANG_WARN_INT_CONVERSION = YES;
				CLANG_WARN_OBJC_ROOT_CLASS = YES_ERROR;
				CLANG_WARN_UNREACHABLE_CODE = YES;
				CLANG_WARN__DUPLICATE_METHOD_MATCH = YES;
				"CODE_SIGN_IDENTITY[sdk=iphoneos*]" = "iPhone Developer";
				COPY_PHASE_STRIP = NO;
				DEBUG_INFORMATION_FORMAT = "dwarf-with-dsym";
				ENABLE_STRICT_OBJC_MSGSEND = YES;
				ENABLE_TESTABILITY = YES;
				GCC_C_LANGUAGE_STANDARD = gnu99;
				GCC_DYNAMIC_NO_PIC = NO;
				GCC_NO_COMMON_BLOCKS = YES;
				GCC_OPTIMIZATION_LEVEL = 0;
				GCC_PREPROCESSOR_DEFINITIONS = (
					"DEBUG=1",
					"$(inherited)",
				);
				GCC_SYMBOLS_PRIVATE_EXTERN = NO;
				GCC_WARN_64_TO_32_BIT_CONVERSION = YES;
				GCC_WARN_ABOUT_RETURN_TYPE = YES_ERROR;
				GCC_WARN_UNDECLARED_SELECTOR = YES;
				GCC_WARN_UNINITIALIZED_AUTOS = YES_AGGRESSIVE;
				GCC_WARN_UNUSED_FUNCTION = YES;
				GCC_WARN_UNUSED_VARIABLE = YES;
				IPHONEOS_DEPLOYMENT_TARGET = 8.3;
				MTL_ENABLE_DEBUG_INFO = YES;
				ONLY_ACTIVE_ARCH = YES;
				SDKROOT = iphoneos;
				SWIFT_OPTIMIZATION_LEVEL = "-Onone";
			};
			name = Debug;
		};
		DE81ABC21B35DF8300B86A23 /* Release */ = {
			isa = XCBuildConfiguration;
			buildSettings = {
				ALWAYS_SEARCH_USER_PATHS = NO;
				CLANG_CXX_LANGUAGE_STANDARD = "gnu++0x";
				CLANG_CXX_LIBRARY = "libc++";
				CLANG_ENABLE_MODULES = YES;
				CLANG_ENABLE_OBJC_ARC = YES;
				CLANG_WARN_BOOL_CONVERSION = YES;
				CLANG_WARN_CONSTANT_CONVERSION = YES;
				CLANG_WARN_DIRECT_OBJC_ISA_USAGE = YES_ERROR;
				CLANG_WARN_EMPTY_BODY = YES;
				CLANG_WARN_ENUM_CONVERSION = YES;
				CLANG_WARN_INT_CONVERSION = YES;
				CLANG_WARN_OBJC_ROOT_CLASS = YES_ERROR;
				CLANG_WARN_UNREACHABLE_CODE = YES;
				CLANG_WARN__DUPLICATE_METHOD_MATCH = YES;
				"CODE_SIGN_IDENTITY[sdk=iphoneos*]" = "iPhone Developer";
				COPY_PHASE_STRIP = NO;
				DEBUG_INFORMATION_FORMAT = "dwarf-with-dsym";
				ENABLE_NS_ASSERTIONS = NO;
				ENABLE_STRICT_OBJC_MSGSEND = YES;
				GCC_C_LANGUAGE_STANDARD = gnu99;
				GCC_NO_COMMON_BLOCKS = YES;
				GCC_WARN_64_TO_32_BIT_CONVERSION = YES;
				GCC_WARN_ABOUT_RETURN_TYPE = YES_ERROR;
				GCC_WARN_UNDECLARED_SELECTOR = YES;
				GCC_WARN_UNINITIALIZED_AUTOS = YES_AGGRESSIVE;
				GCC_WARN_UNUSED_FUNCTION = YES;
				GCC_WARN_UNUSED_VARIABLE = YES;
				IPHONEOS_DEPLOYMENT_TARGET = 8.3;
				MTL_ENABLE_DEBUG_INFO = NO;
				SDKROOT = iphoneos;
				VALIDATE_PRODUCT = YES;
			};
			name = Release;
		};
		DE81ABC41B35DF8300B86A23 /* Debug */ = {
			isa = XCBuildConfiguration;
			buildSettings = {
				ASSETCATALOG_COMPILER_APPICON_NAME = AppIcon;
				CODE_SIGN_IDENTITY = "iPhone Developer";
				"CODE_SIGN_IDENTITY[sdk=iphoneos*]" = "iPhone Developer";
				INFOPLIST_FILE = TableViewTest/Info.plist;
				LD_RUNPATH_SEARCH_PATHS = "$(inherited) @executable_path/Frameworks";
				PRODUCT_BUNDLE_IDENTIFIER = "self.edu.SanjayRai.$(PRODUCT_NAME:rfc1034identifier)";
				PRODUCT_NAME = "$(TARGET_NAME)";
				PROVISIONING_PROFILE = "";
				SWIFT_VERSION = 3.0;
			};
			name = Debug;
		};
		DE81ABC51B35DF8300B86A23 /* Release */ = {
			isa = XCBuildConfiguration;
			buildSettings = {
				ASSETCATALOG_COMPILER_APPICON_NAME = AppIcon;
				CODE_SIGN_IDENTITY = "iPhone Developer";
				"CODE_SIGN_IDENTITY[sdk=iphoneos*]" = "iPhone Developer";
				INFOPLIST_FILE = TableViewTest/Info.plist;
				LD_RUNPATH_SEARCH_PATHS = "$(inherited) @executable_path/Frameworks";
				PRODUCT_BUNDLE_IDENTIFIER = "self.edu.SanjayRai.$(PRODUCT_NAME:rfc1034identifier)";
				PRODUCT_NAME = "$(TARGET_NAME)";
				PROVISIONING_PROFILE = "";
				SWIFT_VERSION = 3.0;
			};
			name = Release;
		};
		DE81ABC71B35DF8300B86A23 /* Debug */ = {
			isa = XCBuildConfiguration;
			buildSettings = {
				BUNDLE_LOADER = "$(TEST_HOST)";
				FRAMEWORK_SEARCH_PATHS = (
					"$(SDKROOT)/Developer/Library/Frameworks",
					"$(inherited)",
				);
				GCC_PREPROCESSOR_DEFINITIONS = (
					"DEBUG=1",
					"$(inherited)",
				);
				INFOPLIST_FILE = TableViewTestTests/Info.plist;
				LD_RUNPATH_SEARCH_PATHS = "$(inherited) @executable_path/Frameworks @loader_path/Frameworks";
				PRODUCT_BUNDLE_IDENTIFIER = "self.edu.SanjayRai.$(PRODUCT_NAME:rfc1034identifier)";
				PRODUCT_NAME = "$(TARGET_NAME)";
				SWIFT_VERSION = 3.0;
				TEST_HOST = "$(BUILT_PRODUCTS_DIR)/TableViewTest.app/TableViewTest";
			};
			name = Debug;
		};
		DE81ABC81B35DF8300B86A23 /* Release */ = {
			isa = XCBuildConfiguration;
			buildSettings = {
				BUNDLE_LOADER = "$(TEST_HOST)";
				FRAMEWORK_SEARCH_PATHS = (
					"$(SDKROOT)/Developer/Library/Frameworks",
					"$(inherited)",
				);
				INFOPLIST_FILE = TableViewTestTests/Info.plist;
				LD_RUNPATH_SEARCH_PATHS = "$(inherited) @executable_path/Frameworks @loader_path/Frameworks";
				PRODUCT_BUNDLE_IDENTIFIER = "self.edu.SanjayRai.$(PRODUCT_NAME:rfc1034identifier)";
				PRODUCT_NAME = "$(TARGET_NAME)";
				SWIFT_VERSION = 3.0;
				TEST_HOST = "$(BUILT_PRODUCTS_DIR)/TableViewTest.app/TableViewTest";
			};
			name = Release;
		};
/* End XCBuildConfiguration section */

/* Begin XCConfigurationList section */
		DE81AB9F1B35DF8300B86A23 /* Build configuration list for PBXProject "TableViewTest" */ = {
			isa = XCConfigurationList;
			buildConfigurations = (
				DE81ABC11B35DF8300B86A23 /* Debug */,
				DE81ABC21B35DF8300B86A23 /* Release */,
			);
			defaultConfigurationIsVisible = 0;
			defaultConfigurationName = Release;
		};
		DE81ABC31B35DF8300B86A23 /* Build configuration list for PBXNativeTarget "TableViewTest" */ = {
			isa = XCConfigurationList;
			buildConfigurations = (
				DE81ABC41B35DF8300B86A23 /* Debug */,
				DE81ABC51B35DF8300B86A23 /* Release */,
			);
			defaultConfigurationIsVisible = 0;
			defaultConfigurationName = Release;
		};
		DE81ABC61B35DF8300B86A23 /* Build configuration list for PBXNativeTarget "TableViewTestTests" */ = {
			isa = XCConfigurationList;
			buildConfigurations = (
				DE81ABC71B35DF8300B86A23 /* Debug */,
				DE81ABC81B35DF8300B86A23 /* Release */,
			);
			defaultConfigurationIsVisible = 0;
			defaultConfigurationName = Release;
		};
/* End XCConfigurationList section */
	};
	rootObject = DE81AB9C1B35DF8300B86A23 /* Project object */;
}
